
Microsoft Visual Studio Solution File, Format Version 12.00
# Visual Studio Version 17
VisualStudioVersion = 17.8.34322.80
MinimumVisualStudioVersion = 10.0.40219.1
Project("{9A19103F-16F7-4668-BE54-9A1E7A4F7556}") = "MadExpenceTracker.Server", "MadExpenceTracker.Server\MadExpenceTracker.Server.csproj", "{2E35D75E-684E-49D9-A095-E9263A946389}"
EndProject
Project("{54A90642-561A-4BB1-A94E-469ADEE60C69}") = "madexpencetracker.client", "madexpencetracker.client\madexpencetracker.client.esproj", "{A8500BA8-21F2-4F65-A53F-38BDA74B59C7}"
EndProject
Project("{2150E333-8FDC-42A3-9474-1A3956D46DE8}") = "Solution Items", "Solution Items", "{EDB84F78-6E72-4532-993B-629B3FEC8136}"
	ProjectSection(SolutionItems) = preProject
		.editorconfig = .editorconfig
	EndProjectSection
EndProject
Project("{9A19103F-16F7-4668-BE54-9A1E7A4F7556}") = "MadExpenceTracker.Core", "MadExpencesTracer.Core\MadExpenceTracker.Core.csproj", "{53557A6C-C770-4F30-994F-41AAF9FACBFA}"
EndProject
Project("{9A19103F-16F7-4668-BE54-9A1E7A4F7556}") = "MadExpenceTracker.Persistence", "MadExpenceTracker.Persistence\MadExpenceTracker.Persistence.csproj", "{C633D368-F226-412C-B5E5-05E9B3EFF7F3}"
EndProject
Project("{9A19103F-16F7-4668-BE54-9A1E7A4F7556}") = "MadExpenceTracker.Persistence.Test", "MadExpenceTracker.Persistence.Test\MadExpenceTracker.Persistence.Test.csproj", "{74158542-D41F-48EF-9DD8-066110905759}"
EndProject
Project("{9A19103F-16F7-4668-BE54-9A1E7A4F7556}") = "MadExpenceTracker.Core.Test", "MadExpenceTracker.Core.Test\MadExpenceTracker.Core.Test.csproj", "{9FD9C024-C344-40BA-A2AA-2D4E6DBE8488}"
EndProject
Project("{FAE04EC0-301F-11D3-BF4B-00C04F79EFBC}") = "MadExpenceTracker.Server.Test", "MadExpenceTracker.Server.Test\MadExpenceTracker.Server.Test.csproj", "{C373F3A2-DB59-4E03-9A84-11401EB88C91}"
EndProject
Global
	GlobalSection(SolutionConfigurationPlatforms) = preSolution
		Debug|Any CPU = Debug|Any CPU
		Release|Any CPU = Release|Any CPU
	EndGlobalSection
	GlobalSection(ProjectConfigurationPlatforms) = postSolution
		{2E35D75E-684E-49D9-A095-E9263A946389}.Debug|Any CPU.ActiveCfg = Debug|Any CPU
		{2E35D75E-684E-49D9-A095-E9263A946389}.Debug|Any CPU.Build.0 = Debug|Any CPU
		{2E35D75E-684E-49D9-A095-E9263A946389}.Release|Any CPU.ActiveCfg = Release|Any CPU
		{2E35D75E-684E-49D9-A095-E9263A946389}.Release|Any CPU.Build.0 = Release|Any CPU
		{A8500BA8-21F2-4F65-A53F-38BDA74B59C7}.Debug|Any CPU.ActiveCfg = Debug|Any CPU
		{A8500BA8-21F2-4F65-A53F-38BDA74B59C7}.Debug|Any CPU.Build.0 = Debug|Any CPU
		{A8500BA8-21F2-4F65-A53F-38BDA74B59C7}.Debug|Any CPU.Deploy.0 = Debug|Any CPU
		{A8500BA8-21F2-4F65-A53F-38BDA74B59C7}.Release|Any CPU.ActiveCfg = Release|Any CPU
		{A8500BA8-21F2-4F65-A53F-38BDA74B59C7}.Release|Any CPU.Build.0 = Release|Any CPU
		{A8500BA8-21F2-4F65-A53F-38BDA74B59C7}.Release|Any CPU.Deploy.0 = Release|Any CPU
		{53557A6C-C770-4F30-994F-41AAF9FACBFA}.Debug|Any CPU.ActiveCfg = Debug|Any CPU
		{53557A6C-C770-4F30-994F-41AAF9FACBFA}.Debug|Any CPU.Build.0 = Debug|Any CPU
		{53557A6C-C770-4F30-994F-41AAF9FACBFA}.Release|Any CPU.ActiveCfg = Release|Any CPU
		{53557A6C-C770-4F30-994F-41AAF9FACBFA}.Release|Any CPU.Build.0 = Release|Any CPU
		{C633D368-F226-412C-B5E5-05E9B3EFF7F3}.Debug|Any CPU.ActiveCfg = Debug|Any CPU
		{C633D368-F226-412C-B5E5-05E9B3EFF7F3}.Debug|Any CPU.Build.0 = Debug|Any CPU
		{C633D368-F226-412C-B5E5-05E9B3EFF7F3}.Release|Any CPU.ActiveCfg = Release|Any CPU
		{C633D368-F226-412C-B5E5-05E9B3EFF7F3}.Release|Any CPU.Build.0 = Release|Any CPU
		{74158542-D41F-48EF-9DD8-066110905759}.Debug|Any CPU.ActiveCfg = Debug|Any CPU
		{74158542-D41F-48EF-9DD8-066110905759}.Debug|Any CPU.Build.0 = Debug|Any CPU
		{74158542-D41F-48EF-9DD8-066110905759}.Release|Any CPU.ActiveCfg = Release|Any CPU
		{74158542-D41F-48EF-9DD8-066110905759}.Release|Any CPU.Build.0 = Release|Any CPU
		{9FD9C024-C344-40BA-A2AA-2D4E6DBE8488}.Debug|Any CPU.ActiveCfg = Debug|Any CPU
		{9FD9C024-C344-40BA-A2AA-2D4E6DBE8488}.Debug|Any CPU.Build.0 = Debug|Any CPU
		{9FD9C024-C344-40BA-A2AA-2D4E6DBE8488}.Release|Any CPU.ActiveCfg = Release|Any CPU
		{9FD9C024-C344-40BA-A2AA-2D4E6DBE8488}.Release|Any CPU.Build.0 = Release|Any CPU
		{C373F3A2-DB59-4E03-9A84-11401EB88C91}.Debug|Any CPU.ActiveCfg = Debug|Any CPU
		{C373F3A2-DB59-4E03-9A84-11401EB88C91}.Debug|Any CPU.Build.0 = Debug|Any CPU
		{C373F3A2-DB59-4E03-9A84-11401EB88C91}.Release|Any CPU.ActiveCfg = Release|Any CPU
		{C373F3A2-DB59-4E03-9A84-11401EB88C91}.Release|Any CPU.Build.0 = Release|Any CPU
	EndGlobalSection
	GlobalSection(SolutionProperties) = preSolution
		HideSolutionNode = FALSE
	EndGlobalSection
	GlobalSection(ExtensibilityGlobals) = postSolution
		SolutionGuid = {D60F11AB-C939-4014-8E86-A1E25ABE504A}
	EndGlobalSection
EndGlobal
